{
  "name": "outsystems-humanizer",
  "version": "1.0.0",
  "lockfileVersion": 1,
  "requires": true,
  "dependencies": {
    "@alduino/humanizer": {
      "version": "1.1.0",
      "resolved": "https://registry.npmjs.org/@alduino/humanizer/-/humanizer-1.1.0.tgz",
      "integrity": "sha512-giCotZG35zJctq4hQFYrTTNCLOO0U1nldwZmLR7tbzF2EzTLiIGw2orNkY5WrQD6UPyPjN4GQsKEuy+O0EzjFQ=="
    }
  }
}
